// !$*UTF8*$!
{
	archiveVersion = 1;
	classes = {
	};
	objectVersion = 46;
	objects = {

/* Begin PBXBuildFile section */
		13F210EC88189653FA3C8CCB /* Pods_BingPaper.framework in Frameworks */ = {isa = PBXBuildFile; fileRef = 89CAAB9C49B322AE3723A34D /* Pods_BingPaper.framework */; };
		7602FDF91B522F7300E6EC7D /* StatusBarView.xib in Resources */ = {isa = PBXBuildFile; fileRef = 7602FDFB1B522F7300E6EC7D /* StatusBarView.xib */; };
		7602FE031B526EC900E6EC7D /* PictureManager.swift in Sources */ = {isa = PBXBuildFile; fileRef = 7602FE021B526EC900E6EC7D /* PictureManager.swift */; };
		7602FE051B52BEF000E6EC7D /* Credits.rtf in Resources */ = {isa = PBXBuildFile; fileRef = 7602FE071B52BEF000E6EC7D /* Credits.rtf */; };
		763C22AA1AB2DCC000BACA07 /* AppDelegate.swift in Sources */ = {isa = PBXBuildFile; fileRef = 763C22A91AB2DCC000BACA07 /* AppDelegate.swift */; };
		763C22AE1AB2DCC000BACA07 /* Images.xcassets in Resources */ = {isa = PBXBuildFile; fileRef = 763C22AD1AB2DCC000BACA07 /* Images.xcassets */; };
		763C22BD1AB2DCC000BACA07 /* BingPaperTests.swift in Sources */ = {isa = PBXBuildFile; fileRef = 763C22BC1AB2DCC000BACA07 /* BingPaperTests.swift */; };
		763C22CB1AB2E48400BACA07 /* StatusBarView.swift in Sources */ = {isa = PBXBuildFile; fileRef = 763C22CA1AB2E48400BACA07 /* StatusBarView.swift */; };
		767B02BB1D9B99D2003BBC47 /* Localizable.strings in Resources */ = {isa = PBXBuildFile; fileRef = 767B02BD1D9B99D2003BBC47 /* Localizable.strings */; };
		767B02C21D9BB318003BBC47 /* AboutPreferencesView.xib in Resources */ = {isa = PBXBuildFile; fileRef = 767B02C41D9BB318003BBC47 /* AboutPreferencesView.xib */; };
		7695AB271D9AAF1D006CA215 /* GeneralPreferencesView.xib in Resources */ = {isa = PBXBuildFile; fileRef = 7695AB251D9AAF1D006CA215 /* GeneralPreferencesView.xib */; };
		7695AB2D1D9AB363006CA215 /* GeneralPreferencesViewController.swift in Sources */ = {isa = PBXBuildFile; fileRef = 7695AB2C1D9AB363006CA215 /* GeneralPreferencesViewController.swift */; };
		7695AB301D9AB388006CA215 /* AboutPreferencesViewController.swift in Sources */ = {isa = PBXBuildFile; fileRef = 7695AB2E1D9AB388006CA215 /* AboutPreferencesViewController.swift */; };
		76FB444D1AB2F82F0088432F /* StatusBarViewController.swift in Sources */ = {isa = PBXBuildFile; fileRef = 76FB444C1AB2F82F0088432F /* StatusBarViewController.swift */; };
		ED32B9DA9675D670B387772F /* Pods_BingPaperTests.framework in Frameworks */ = {isa = PBXBuildFile; fileRef = 7082E9B74124607292FF75C4 /* Pods_BingPaperTests.framework */; };
/* End PBXBuildFile section */

/* Begin PBXContainerItemProxy section */
		763C22B71AB2DCC000BACA07 /* PBXContainerItemProxy */ = {
			isa = PBXContainerItemProxy;
			containerPortal = 763C229C1AB2DCC000BACA07 /* Project object */;
			proxyType = 1;
			remoteGlobalIDString = 763C22A31AB2DCC000BACA07;
			remoteInfo = BingPaper;
		};
/* End PBXContainerItemProxy section */

/* Begin PBXFileReference section */
		7082E9B74124607292FF75C4 /* Pods_BingPaperTests.framework */ = {isa = PBXFileReference; explicitFileType = wrapper.framework; includeInIndex = 0; path = Pods_BingPaperTests.framework; sourceTree = BUILT_PRODUCTS_DIR; };
		7602FDFC1B522F8000E6EC7D /* Base */ = {isa = PBXFileReference; lastKnownFileType = file.xib; name = Base; path = Base.lproj/StatusBarView.xib; sourceTree = "<group>"; };
		7602FE011B526C7800E6EC7D /* BingPaper.entitlements */ = {isa = PBXFileReference; lastKnownFileType = text.xml; path = BingPaper.entitlements; sourceTree = "<group>"; };
		7602FE021B526EC900E6EC7D /* PictureManager.swift */ = {isa = PBXFileReference; fileEncoding = 4; lastKnownFileType = sourcecode.swift; path = PictureManager.swift; sourceTree = "<group>"; };
		7602FE041B52961D00E6EC7D /* BingPaper.playground */ = {isa = PBXFileReference; lastKnownFileType = file.playground; path = BingPaper.playground; sourceTree = "<group>"; };
		763C22A41AB2DCC000BACA07 /* BingPaper.app */ = {isa = PBXFileReference; explicitFileType = wrapper.application; includeInIndex = 0; path = BingPaper.app; sourceTree = BUILT_PRODUCTS_DIR; };
		763C22A81AB2DCC000BACA07 /* Info.plist */ = {isa = PBXFileReference; lastKnownFileType = text.plist.xml; path = Info.plist; sourceTree = "<group>"; };
		763C22A91AB2DCC000BACA07 /* AppDelegate.swift */ = {isa = PBXFileReference; lastKnownFileType = sourcecode.swift; path = AppDelegate.swift; sourceTree = "<group>"; };
		763C22AD1AB2DCC000BACA07 /* Images.xcassets */ = {isa = PBXFileReference; lastKnownFileType = folder.assetcatalog; path = Images.xcassets; sourceTree = "<group>"; };
		763C22B61AB2DCC000BACA07 /* BingPaperTests.xctest */ = {isa = PBXFileReference; explicitFileType = wrapper.cfbundle; includeInIndex = 0; path = BingPaperTests.xctest; sourceTree = BUILT_PRODUCTS_DIR; };
		763C22BB1AB2DCC000BACA07 /* Info.plist */ = {isa = PBXFileReference; lastKnownFileType = text.plist.xml; path = Info.plist; sourceTree = "<group>"; };
		763C22BC1AB2DCC000BACA07 /* BingPaperTests.swift */ = {isa = PBXFileReference; lastKnownFileType = sourcecode.swift; path = BingPaperTests.swift; sourceTree = "<group>"; };
		763C22CA1AB2E48400BACA07 /* StatusBarView.swift */ = {isa = PBXFileReference; fileEncoding = 4; lastKnownFileType = sourcecode.swift; path = StatusBarView.swift; sourceTree = "<group>"; };
		767B02BC1D9B99D2003BBC47 /* Base */ = {isa = PBXFileReference; lastKnownFileType = text.plist.strings; name = Base; path = Base.lproj/Localizable.strings; sourceTree = "<group>"; };
		767B02BF1D9B99D6003BBC47 /* zh-Hans */ = {isa = PBXFileReference; lastKnownFileType = text.plist.strings; name = "zh-Hans"; path = "zh-Hans.lproj/Localizable.strings"; sourceTree = "<group>"; };
		767B02C11D9B9CC4003BBC47 /* Base */ = {isa = PBXFileReference; lastKnownFileType = text.rtf; name = Base; path = Base.lproj/Credits.rtf; sourceTree = "<group>"; };
		767B02C31D9BB318003BBC47 /* Base */ = {isa = PBXFileReference; lastKnownFileType = file.xib; name = Base; path = Base.lproj/AboutPreferencesView.xib; sourceTree = "<group>"; };
		767B02C61D9BB31A003BBC47 /* zh-Hans */ = {isa = PBXFileReference; lastKnownFileType = text.plist.strings; name = "zh-Hans"; path = "zh-Hans.lproj/AboutPreferencesView.strings"; sourceTree = "<group>"; };
		76904C131D8257DE0076C399 /* zh-Hans */ = {isa = PBXFileReference; lastKnownFileType = text.rtf; name = "zh-Hans"; path = "zh-Hans.lproj/Credits.rtf"; sourceTree = "<group>"; };
		7695AB251D9AAF1D006CA215 /* GeneralPreferencesView.xib */ = {isa = PBXFileReference; fileEncoding = 4; lastKnownFileType = file.xib; path = GeneralPreferencesView.xib; sourceTree = "<group>"; };
		7695AB2C1D9AB363006CA215 /* GeneralPreferencesViewController.swift */ = {isa = PBXFileReference; fileEncoding = 4; lastKnownFileType = sourcecode.swift; path = GeneralPreferencesViewController.swift; sourceTree = "<group>"; };
		7695AB2E1D9AB388006CA215 /* AboutPreferencesViewController.swift */ = {isa = PBXFileReference; fileEncoding = 4; lastKnownFileType = sourcecode.swift; path = AboutPreferencesViewController.swift; sourceTree = "<group>"; };
		76FB444C1AB2F82F0088432F /* StatusBarViewController.swift */ = {isa = PBXFileReference; fileEncoding = 4; lastKnownFileType = sourcecode.swift; path = StatusBarViewController.swift; sourceTree = "<group>"; };
		89CAAB9C49B322AE3723A34D /* Pods_BingPaper.framework */ = {isa = PBXFileReference; explicitFileType = wrapper.framework; includeInIndex = 0; path = Pods_BingPaper.framework; sourceTree = BUILT_PRODUCTS_DIR; };
		948600370E83C7A1EA54FA4D /* Pods-BingPaperTests.release.xcconfig */ = {isa = PBXFileReference; includeInIndex = 1; lastKnownFileType = text.xcconfig; name = "Pods-BingPaperTests.release.xcconfig"; path = "Pods/Target Support Files/Pods-BingPaperTests/Pods-BingPaperTests.release.xcconfig"; sourceTree = "<group>"; };
		AA072B2BC6186C48BEFCA9F7 /* Pods-BingPaper.release.xcconfig */ = {isa = PBXFileReference; includeInIndex = 1; lastKnownFileType = text.xcconfig; name = "Pods-BingPaper.release.xcconfig"; path = "Pods/Target Support Files/Pods-BingPaper/Pods-BingPaper.release.xcconfig"; sourceTree = "<group>"; };
		B3462F8D6EF74A5A88299BB9 /* Pods-BingPaper.debug.xcconfig */ = {isa = PBXFileReference; includeInIndex = 1; lastKnownFileType = text.xcconfig; name = "Pods-BingPaper.debug.xcconfig"; path = "Pods/Target Support Files/Pods-BingPaper/Pods-BingPaper.debug.xcconfig"; sourceTree = "<group>"; };
		F28A1DC1EC2F3D8A4E2CD43D /* Pods-BingPaperTests.debug.xcconfig */ = {isa = PBXFileReference; includeInIndex = 1; lastKnownFileType = text.xcconfig; name = "Pods-BingPaperTests.debug.xcconfig"; path = "Pods/Target Support Files/Pods-BingPaperTests/Pods-BingPaperTests.debug.xcconfig"; sourceTree = "<group>"; };
/* End PBXFileReference section */

/* Begin PBXFrameworksBuildPhase section */
		763C22A11AB2DCC000BACA07 /* Frameworks */ = {
			isa = PBXFrameworksBuildPhase;
			buildActionMask = 2147483647;
			files = (
				13F210EC88189653FA3C8CCB /* Pods_BingPaper.framework in Frameworks */,
			);
			runOnlyForDeploymentPostprocessing = 0;
		};
		763C22B31AB2DCC000BACA07 /* Frameworks */ = {
			isa = PBXFrameworksBuildPhase;
			buildActionMask = 2147483647;
			files = (
				ED32B9DA9675D670B387772F /* Pods_BingPaperTests.framework in Frameworks */,
			);
			runOnlyForDeploymentPostprocessing = 0;
		};
/* End PBXFrameworksBuildPhase section */

/* Begin PBXGroup section */
		2E03EE642DA655B323D59E13 /* Pods */ = {
			isa = PBXGroup;
			children = (
				B3462F8D6EF74A5A88299BB9 /* Pods-BingPaper.debug.xcconfig */,
				AA072B2BC6186C48BEFCA9F7 /* Pods-BingPaper.release.xcconfig */,
				F28A1DC1EC2F3D8A4E2CD43D /* Pods-BingPaperTests.debug.xcconfig */,
				948600370E83C7A1EA54FA4D /* Pods-BingPaperTests.release.xcconfig */,
			);
			name = Pods;
			sourceTree = "<group>";
		};
		763C229B1AB2DCC000BACA07 = {
			isa = PBXGroup;
			children = (
				7602FE041B52961D00E6EC7D /* BingPaper.playground */,
				763C22A61AB2DCC000BACA07 /* BingPaper */,
				763C22B91AB2DCC000BACA07 /* BingPaperTests */,
				763C22A51AB2DCC000BACA07 /* Products */,
				2E03EE642DA655B323D59E13 /* Pods */,
				B677810806D566C866F5FE61 /* Frameworks */,
			);
			sourceTree = "<group>";
		};
		763C22A51AB2DCC000BACA07 /* Products */ = {
			isa = PBXGroup;
			children = (
				763C22A41AB2DCC000BACA07 /* BingPaper.app */,
				763C22B61AB2DCC000BACA07 /* BingPaperTests.xctest */,
			);
			name = Products;
			sourceTree = "<group>";
		};
		763C22A61AB2DCC000BACA07 /* BingPaper */ = {
			isa = PBXGroup;
			children = (
				763C22A91AB2DCC000BACA07 /* AppDelegate.swift */,
				76C618251D92C4BA00D98E38 /* Core */,
				76904C1A1D83EB5F0076C399 /* StatusBar */,
				76904C1B1D83EBD50076C399 /* Preferences */,
				763C22A71AB2DCC000BACA07 /* Supporting Files */,
			);
			path = BingPaper;
			sourceTree = "<group>";
		};
		763C22A71AB2DCC000BACA07 /* Supporting Files */ = {
			isa = PBXGroup;
			children = (
				763C22A81AB2DCC000BACA07 /* Info.plist */,
				7602FE011B526C7800E6EC7D /* BingPaper.entitlements */,
				7602FE071B52BEF000E6EC7D /* Credits.rtf */,
				767B02BD1D9B99D2003BBC47 /* Localizable.strings */,
				763C22AD1AB2DCC000BACA07 /* Images.xcassets */,
			);
			name = "Supporting Files";
			sourceTree = "<group>";
		};
		763C22B91AB2DCC000BACA07 /* BingPaperTests */ = {
			isa = PBXGroup;
			children = (
				763C22BC1AB2DCC000BACA07 /* BingPaperTests.swift */,
				763C22BA1AB2DCC000BACA07 /* Supporting Files */,
			);
			path = BingPaperTests;
			sourceTree = "<group>";
		};
		763C22BA1AB2DCC000BACA07 /* Supporting Files */ = {
			isa = PBXGroup;
			children = (
				763C22BB1AB2DCC000BACA07 /* Info.plist */,
			);
			name = "Supporting Files";
			sourceTree = "<group>";
		};
		76904C1A1D83EB5F0076C399 /* StatusBar */ = {
			isa = PBXGroup;
			children = (
				763C22CA1AB2E48400BACA07 /* StatusBarView.swift */,
				7602FDFB1B522F7300E6EC7D /* StatusBarView.xib */,
				76FB444C1AB2F82F0088432F /* StatusBarViewController.swift */,
			);
			name = StatusBar;
			sourceTree = "<group>";
		};
		76904C1B1D83EBD50076C399 /* Preferences */ = {
			isa = PBXGroup;
			children = (
				7695AB251D9AAF1D006CA215 /* GeneralPreferencesView.xib */,
				7695AB2C1D9AB363006CA215 /* GeneralPreferencesViewController.swift */,
				767B02C41D9BB318003BBC47 /* AboutPreferencesView.xib */,
				7695AB2E1D9AB388006CA215 /* AboutPreferencesViewController.swift */,
			);
			name = Preferences;
			sourceTree = "<group>";
		};
		76C618251D92C4BA00D98E38 /* Core */ = {
			isa = PBXGroup;
			children = (
				7602FE021B526EC900E6EC7D /* PictureManager.swift */,
			);
			name = Core;
			sourceTree = "<group>";
		};
		B677810806D566C866F5FE61 /* Frameworks */ = {
			isa = PBXGroup;
			children = (
				89CAAB9C49B322AE3723A34D /* Pods_BingPaper.framework */,
				7082E9B74124607292FF75C4 /* Pods_BingPaperTests.framework */,
			);
			name = Frameworks;
			sourceTree = "<group>";
		};
/* End PBXGroup section */

/* Begin PBXNativeTarget section */
		763C22A31AB2DCC000BACA07 /* BingPaper */ = {
			isa = PBXNativeTarget;
			buildConfigurationList = 763C22C01AB2DCC000BACA07 /* Build configuration list for PBXNativeTarget "BingPaper" */;
			buildPhases = (
				605B15CE0A3F8E4E44964224 /* [CP] Check Pods Manifest.lock */,
				763C22A01AB2DCC000BACA07 /* Sources */,
				763C22A11AB2DCC000BACA07 /* Frameworks */,
				763C22A21AB2DCC000BACA07 /* Resources */,
				2748003AFB0F47C15CA172C2 /* [CP] Embed Pods Frameworks */,
				A04A85D975CD436987AA0E30 /* [CP] Copy Pods Resources */,
			);
			buildRules = (
			);
			dependencies = (
			);
			name = BingPaper;
			productName = BingPaper;
			productReference = 763C22A41AB2DCC000BACA07 /* BingPaper.app */;
			productType = "com.apple.product-type.application";
		};
		763C22B51AB2DCC000BACA07 /* BingPaperTests */ = {
			isa = PBXNativeTarget;
			buildConfigurationList = 763C22C31AB2DCC000BACA07 /* Build configuration list for PBXNativeTarget "BingPaperTests" */;
			buildPhases = (
				889E05C623D0AA8A26C3554A /* [CP] Check Pods Manifest.lock */,
				763C22B21AB2DCC000BACA07 /* Sources */,
				763C22B31AB2DCC000BACA07 /* Frameworks */,
				763C22B41AB2DCC000BACA07 /* Resources */,
				B06DFCBAA05E19845E7479C1 /* [CP] Embed Pods Frameworks */,
				C9BDBDC04FC4D8933F5B9CDB /* [CP] Copy Pods Resources */,
			);
			buildRules = (
			);
			dependencies = (
				763C22B81AB2DCC000BACA07 /* PBXTargetDependency */,
			);
			name = BingPaperTests;
			productName = BingPaperTests;
			productReference = 763C22B61AB2DCC000BACA07 /* BingPaperTests.xctest */;
			productType = "com.apple.product-type.bundle.unit-test";
		};
/* End PBXNativeTarget section */

/* Begin PBXProject section */
		763C229C1AB2DCC000BACA07 /* Project object */ = {
			isa = PBXProject;
			attributes = {
				LastSwiftMigration = 0730;
				LastSwiftUpdateCheck = 0730;
				LastUpgradeCheck = 0800;
				ORGANIZATIONNAME = "Peng Jingwen";
				TargetAttributes = {
					763C22A31AB2DCC000BACA07 = {
						CreatedOnToolsVersion = 6.2;
						DevelopmentTeam = RTLZDJ5FTU;
						LastSwiftMigration = 0800;
						ProvisioningStyle = Automatic;
						SystemCapabilities = {
							com.apple.Sandbox = {
								enabled = 1;
							};
						};
					};
					763C22B51AB2DCC000BACA07 = {
						CreatedOnToolsVersion = 6.2;
						LastSwiftMigration = 0800;
						TestTargetID = 763C22A31AB2DCC000BACA07;
					};
				};
			};
			buildConfigurationList = 763C229F1AB2DCC000BACA07 /* Build configuration list for PBXProject "BingPaper" */;
			compatibilityVersion = "Xcode 3.2";
			developmentRegion = English;
			hasScannedForEncodings = 0;
			knownRegions = (
				en,
				Base,
				"zh-Hans",
			);
			mainGroup = 763C229B1AB2DCC000BACA07;
			productRefGroup = 763C22A51AB2DCC000BACA07 /* Products */;
			projectDirPath = "";
			projectRoot = "";
			targets = (
				763C22A31AB2DCC000BACA07 /* BingPaper */,
				763C22B51AB2DCC000BACA07 /* BingPaperTests */,
			);
		};
/* End PBXProject section */

/* Begin PBXResourcesBuildPhase section */
		763C22A21AB2DCC000BACA07 /* Resources */ = {
			isa = PBXResourcesBuildPhase;
			buildActionMask = 2147483647;
			files = (
				767B02C21D9BB318003BBC47 /* AboutPreferencesView.xib in Resources */,
				7695AB271D9AAF1D006CA215 /* GeneralPreferencesView.xib in Resources */,
				763C22AE1AB2DCC000BACA07 /* Images.xcassets in Resources */,
				7602FDF91B522F7300E6EC7D /* StatusBarView.xib in Resources */,
				7602FE051B52BEF000E6EC7D /* Credits.rtf in Resources */,
				767B02BB1D9B99D2003BBC47 /* Localizable.strings in Resources */,
			);
			runOnlyForDeploymentPostprocessing = 0;
		};
		763C22B41AB2DCC000BACA07 /* Resources */ = {
			isa = PBXResourcesBuildPhase;
			buildActionMask = 2147483647;
			files = (
			);
			runOnlyForDeploymentPostprocessing = 0;
		};
/* End PBXResourcesBuildPhase section */

/* Begin PBXShellScriptBuildPhase section */
		2748003AFB0F47C15CA172C2 /* [CP] Embed Pods Frameworks */ = {
			isa = PBXShellScriptBuildPhase;
			buildActionMask = 2147483647;
			files = (
			);
			inputPaths = (
			);
			name = "[CP] Embed Pods Frameworks";
			outputPaths = (
			);
			runOnlyForDeploymentPostprocessing = 0;
			shellPath = /bin/sh;
			shellScript = "\"${SRCROOT}/Pods/Target Support Files/Pods-BingPaper/Pods-BingPaper-frameworks.sh\"\n";
			showEnvVarsInLog = 0;
		};
		605B15CE0A3F8E4E44964224 /* [CP] Check Pods Manifest.lock */ = {
			isa = PBXShellScriptBuildPhase;
			buildActionMask = 2147483647;
			files = (
			);
			inputPaths = (
			);
			name = "[CP] Check Pods Manifest.lock";
			outputPaths = (
			);
			runOnlyForDeploymentPostprocessing = 0;
			shellPath = /bin/sh;
			shellScript = "diff \"${PODS_ROOT}/../Podfile.lock\" \"${PODS_ROOT}/Manifest.lock\" > /dev/null\nif [[ $? != 0 ]] ; then\n    cat << EOM\nerror: The sandbox is not in sync with the Podfile.lock. Run 'pod install' or update your CocoaPods installation.\nEOM\n    exit 1\nfi\n";
			showEnvVarsInLog = 0;
		};
		889E05C623D0AA8A26C3554A /* [CP] Check Pods Manifest.lock */ = {
			isa = PBXShellScriptBuildPhase;
			buildActionMask = 2147483647;
			files = (
			);
			inputPaths = (
			);
			name = "[CP] Check Pods Manifest.lock";
			outputPaths = (
			);
			runOnlyForDeploymentPostprocessing = 0;
			shellPath = /bin/sh;
			shellScript = "diff \"${PODS_ROOT}/../Podfile.lock\" \"${PODS_ROOT}/Manifest.lock\" > /dev/null\nif [[ $? != 0 ]] ; then\n    cat << EOM\nerror: The sandbox is not in sync with the Podfile.lock. Run 'pod install' or update your CocoaPods installation.\nEOM\n    exit 1\nfi\n";
			showEnvVarsInLog = 0;
		};
		A04A85D975CD436987AA0E30 /* [CP] Copy Pods Resources */ = {
			isa = PBXShellScriptBuildPhase;
			buildActionMask = 2147483647;
			files = (
			);
			inputPaths = (
			);
			name = "[CP] Copy Pods Resources";
			outputPaths = (
			);
			runOnlyForDeploymentPostprocessing = 0;
			shellPath = /bin/sh;
			shellScript = "\"${SRCROOT}/Pods/Target Support Files/Pods-BingPaper/Pods-BingPaper-resources.sh\"\n";
			showEnvVarsInLog = 0;
		};
		B06DFCBAA05E19845E7479C1 /* [CP] Embed Pods Frameworks */ = {
			isa = PBXShellScriptBuildPhase;
			buildActionMask = 2147483647;
			files = (
			);
			inputPaths = (
			);
			name = "[CP] Embed Pods Frameworks";
			outputPaths = (
			);
			runOnlyForDeploymentPostprocessing = 0;
			shellPath = /bin/sh;
			shellScript = "\"${SRCROOT}/Pods/Target Support Files/Pods-BingPaperTests/Pods-BingPaperTests-frameworks.sh\"\n";
			showEnvVarsInLog = 0;
		};
		C9BDBDC04FC4D8933F5B9CDB /* [CP] Copy Pods Resources */ = {
			isa = PBXShellScriptBuildPhase;
			buildActionMask = 2147483647;
			files = (
			);
			inputPaths = (
			);
			name = "[CP] Copy Pods Resources";
			outputPaths = (
			);
			runOnlyForDeploymentPostprocessing = 0;
			shellPath = /bin/sh;
			shellScript = "\"${SRCROOT}/Pods/Target Support Files/Pods-BingPaperTests/Pods-BingPaperTests-resources.sh\"\n";
			showEnvVarsInLog = 0;
		};
/* End PBXShellScriptBuildPhase section */

/* Begin PBXSourcesBuildPhase section */
		763C22A01AB2DCC000BACA07 /* Sources */ = {
			isa = PBXSourcesBuildPhase;
			buildActionMask = 2147483647;
			files = (
				7695AB2D1D9AB363006CA215 /* GeneralPreferencesViewController.swift in Sources */,
				7695AB301D9AB388006CA215 /* AboutPreferencesViewController.swift in Sources */,
				763C22CB1AB2E48400BACA07 /* StatusBarView.swift in Sources */,
				76FB444D1AB2F82F0088432F /* StatusBarViewController.swift in Sources */,
				7602FE031B526EC900E6EC7D /* PictureManager.swift in Sources */,
				763C22AA1AB2DCC000BACA07 /* AppDelegate.swift in Sources */,
			);
			runOnlyForDeploymentPostprocessing = 0;
		};
		763C22B21AB2DCC000BACA07 /* Sources */ = {
			isa = PBXSourcesBuildPhase;
			buildActionMask = 2147483647;
			files = (
				763C22BD1AB2DCC000BACA07 /* BingPaperTests.swift in Sources */,
			);
			runOnlyForDeploymentPostprocessing = 0;
		};
/* End PBXSourcesBuildPhase section */

/* Begin PBXTargetDependency section */
		763C22B81AB2DCC000BACA07 /* PBXTargetDependency */ = {
			isa = PBXTargetDependency;
			target = 763C22A31AB2DCC000BACA07 /* BingPaper */;
			targetProxy = 763C22B71AB2DCC000BACA07 /* PBXContainerItemProxy */;
		};
/* End PBXTargetDependency section */

/* Begin PBXVariantGroup section */
		7602FDFB1B522F7300E6EC7D /* StatusBarView.xib */ = {
			isa = PBXVariantGroup;
			children = (
				7602FDFC1B522F8000E6EC7D /* Base */,
			);
			name = StatusBarView.xib;
			sourceTree = "<group>";
		};
		7602FE071B52BEF000E6EC7D /* Credits.rtf */ = {
			isa = PBXVariantGroup;
			children = (
				76904C131D8257DE0076C399 /* zh-Hans */,
				767B02C11D9B9CC4003BBC47 /* Base */,
			);
			name = Credits.rtf;
			sourceTree = "<group>";
		};
		767B02BD1D9B99D2003BBC47 /* Localizable.strings */ = {
			isa = PBXVariantGroup;
			children = (
				767B02BC1D9B99D2003BBC47 /* Base */,
				767B02BF1D9B99D6003BBC47 /* zh-Hans */,
			);
			name = Localizable.strings;
			sourceTree = "<group>";
		};
		767B02C41D9BB318003BBC47 /* AboutPreferencesView.xib */ = {
			isa = PBXVariantGroup;
			children = (
				767B02C31D9BB318003BBC47 /* Base */,
				767B02C61D9BB31A003BBC47 /* zh-Hans */,
			);
			name = AboutPreferencesView.xib;
			sourceTree = "<group>";
		};
/* End PBXVariantGroup section */

/* Begin XCBuildConfiguration section */
		763C22BE1AB2DCC000BACA07 /* Debug */ = {
			isa = XCBuildConfiguration;
			buildSettings = {
				ALWAYS_SEARCH_USER_PATHS = NO;
				CLANG_ANALYZER_LOCALIZABILITY_NONLOCALIZED = YES;
				CLANG_CXX_LANGUAGE_STANDARD = "gnu++0x";
				CLANG_CXX_LIBRARY = "libc++";
				CLANG_ENABLE_MODULES = YES;
				CLANG_ENABLE_OBJC_ARC = YES;
				CLANG_WARN_BOOL_CONVERSION = YES;
				CLANG_WARN_CONSTANT_CONVERSION = YES;
				CLANG_WARN_DIRECT_OBJC_ISA_USAGE = YES_ERROR;
				CLANG_WARN_EMPTY_BODY = YES;
				CLANG_WARN_ENUM_CONVERSION = YES;
				CLANG_WARN_INFINITE_RECURSION = YES;
				CLANG_WARN_INT_CONVERSION = YES;
				CLANG_WARN_OBJC_ROOT_CLASS = YES_ERROR;
				CLANG_WARN_SUSPICIOUS_MOVE = YES;
				CLANG_WARN_UNREACHABLE_CODE = YES;
				CLANG_WARN__DUPLICATE_METHOD_MATCH = YES;
				CODE_SIGN_IDENTITY = "";
				COPY_PHASE_STRIP = NO;
				ENABLE_STRICT_OBJC_MSGSEND = YES;
				ENABLE_TESTABILITY = YES;
				GCC_C_LANGUAGE_STANDARD = gnu99;
				GCC_DYNAMIC_NO_PIC = NO;
				GCC_NO_COMMON_BLOCKS = YES;
				GCC_OPTIMIZATION_LEVEL = 0;
				GCC_PREPROCESSOR_DEFINITIONS = (
					"DEBUG=1",
					"$(inherited)",
				);
				GCC_SYMBOLS_PRIVATE_EXTERN = NO;
				GCC_WARN_64_TO_32_BIT_CONVERSION = YES;
				GCC_WARN_ABOUT_RETURN_TYPE = YES_ERROR;
				GCC_WARN_UNDECLARED_SELECTOR = YES;
				GCC_WARN_UNINITIALIZED_AUTOS = YES_AGGRESSIVE;
				GCC_WARN_UNUSED_FUNCTION = YES;
				GCC_WARN_UNUSED_VARIABLE = YES;
				MACOSX_DEPLOYMENT_TARGET = 10.10;
				MTL_ENABLE_DEBUG_INFO = YES;
				ONLY_ACTIVE_ARCH = YES;
				SDKROOT = macosx;
				SWIFT_OPTIMIZATION_LEVEL = "-Onone";
			};
			name = Debug;
		};
		763C22BF1AB2DCC000BACA07 /* Release */ = {
			isa = XCBuildConfiguration;
			buildSettings = {
				ALWAYS_SEARCH_USER_PATHS = NO;
				CLANG_ANALYZER_LOCALIZABILITY_NONLOCALIZED = YES;
				CLANG_CXX_LANGUAGE_STANDARD = "gnu++0x";
				CLANG_CXX_LIBRARY = "libc++";
				CLANG_ENABLE_MODULES = YES;
				CLANG_ENABLE_OBJC_ARC = YES;
				CLANG_WARN_BOOL_CONVERSION = YES;
				CLANG_WARN_CONSTANT_CONVERSION = YES;
				CLANG_WARN_DIRECT_OBJC_ISA_USAGE = YES_ERROR;
				CLANG_WARN_EMPTY_BODY = YES;
				CLANG_WARN_ENUM_CONVERSION = YES;
				CLANG_WARN_INFINITE_RECURSION = YES;
				CLANG_WARN_INT_CONVERSION = YES;
				CLANG_WARN_OBJC_ROOT_CLASS = YES_ERROR;
				CLANG_WARN_SUSPICIOUS_MOVE = YES;
				CLANG_WARN_UNREACHABLE_CODE = YES;
				CLANG_WARN__DUPLICATE_METHOD_MATCH = YES;
				CODE_SIGN_IDENTITY = "Mac Developer";
				COPY_PHASE_STRIP = NO;
				DEBUG_INFORMATION_FORMAT = "dwarf-with-dsym";
				ENABLE_NS_ASSERTIONS = NO;
				ENABLE_STRICT_OBJC_MSGSEND = YES;
				GCC_C_LANGUAGE_STANDARD = gnu99;
				GCC_NO_COMMON_BLOCKS = YES;
				GCC_WARN_64_TO_32_BIT_CONVERSION = YES;
				GCC_WARN_ABOUT_RETURN_TYPE = YES_ERROR;
				GCC_WARN_UNDECLARED_SELECTOR = YES;
				GCC_WARN_UNINITIALIZED_AUTOS = YES_AGGRESSIVE;
				GCC_WARN_UNUSED_FUNCTION = YES;
				GCC_WARN_UNUSED_VARIABLE = YES;
				MACOSX_DEPLOYMENT_TARGET = 10.10;
				MTL_ENABLE_DEBUG_INFO = NO;
				SDKROOT = macosx;
				SWIFT_OPTIMIZATION_LEVEL = "-Owholemodule";
			};
			name = Release;
		};
		763C22C11AB2DCC000BACA07 /* Debug */ = {
			isa = XCBuildConfiguration;
			baseConfigurationReference = B3462F8D6EF74A5A88299BB9 /* Pods-BingPaper.debug.xcconfig */;
			buildSettings = {
				ASSETCATALOG_COMPILER_APPICON_NAME = "AppIcon Bing";
				CODE_SIGN_ENTITLEMENTS = BingPaper/BingPaper.entitlements;
				CODE_SIGN_IDENTITY = "";
				COMBINE_HIDPI_IMAGES = YES;
				DEVELOPMENT_TEAM = RTLZDJ5FTU;
				INFOPLIST_FILE = BingPaper/Info.plist;
				LD_RUNPATH_SEARCH_PATHS = "$(inherited) @executable_path/../Frameworks";
				MACOSX_DEPLOYMENT_TARGET = 10.10;
				PRODUCT_BUNDLE_IDENTIFIER = "com.prettyxw.mac.$(PRODUCT_NAME:rfc1034identifier)";
				PRODUCT_NAME = "$(TARGET_NAME)";
				SWIFT_VERSION = 3.0;
			};
			name = Debug;
		};
		763C22C21AB2DCC000BACA07 /* Release */ = {
			isa = XCBuildConfiguration;
			baseConfigurationReference = AA072B2BC6186C48BEFCA9F7 /* Pods-BingPaper.release.xcconfig */;
			buildSettings = {
				ASSETCATALOG_COMPILER_APPICON_NAME = "AppIcon Bing";
				CODE_SIGN_ENTITLEMENTS = BingPaper/BingPaper.entitlements;
				CODE_SIGN_IDENTITY = "Mac Developer";
				COMBINE_HIDPI_IMAGES = YES;
				DEVELOPMENT_TEAM = RTLZDJ5FTU;
				INFOPLIST_FILE = BingPaper/Info.plist;
				LD_RUNPATH_SEARCH_PATHS = "$(inherited) @executable_path/../Frameworks";
				MACOSX_DEPLOYMENT_TARGET = 10.10;
				PRODUCT_BUNDLE_IDENTIFIER = "com.prettyxw.mac.$(PRODUCT_NAME:rfc1034identifier)";
				PRODUCT_NAME = "$(TARGET_NAME)";
				SWIFT_VERSION = 3.0;
			};
			name = Release;
		};
		763C22C41AB2DCC000BACA07 /* Debug */ = {
			isa = XCBuildConfiguration;
			baseConfigurationReference = F28A1DC1EC2F3D8A4E2CD43D /* Pods-BingPaperTests.debug.xcconfig */;
			buildSettings = {
				BUNDLE_LOADER = "$(TEST_HOST)";
				COMBINE_HIDPI_IMAGES = YES;
				FRAMEWORK_SEARCH_PATHS = (
					"$(DEVELOPER_FRAMEWORKS_DIR)",
					"$(inherited)",
				);
				GCC_PREPROCESSOR_DEFINITIONS = (
					"DEBUG=1",
					"$(inherited)",
				);
				INFOPLIST_FILE = BingPaperTests/Info.plist;
				LD_RUNPATH_SEARCH_PATHS = "$(inherited) @executable_path/../Frameworks @loader_path/../Frameworks";
				PRODUCT_BUNDLE_IDENTIFIER = "org.prettyx.mac.$(PRODUCT_NAME:rfc1034identifier)";
				PRODUCT_NAME = "$(TARGET_NAME)";
				SWIFT_VERSION = 3.0;
				TEST_HOST = "$(BUILT_PRODUCTS_DIR)/BingPaper.app/Contents/MacOS/BingPaper";
			};
			name = Debug;
		};
		763C22C51AB2DCC000BACA07 /* Release */ = {
			isa = XCBuildConfiguration;
			baseConfigurationReference = 948600370E83C7A1EA54FA4D /* Pods-BingPaperTests.release.xcconfig */;
			buildSettings = {
				BUNDLE_LOADER = "$(TEST_HOST)";
				COMBINE_HIDPI_IMAGES = YES;
				FRAMEWORK_SEARCH_PATHS = (
					"$(DEVELOPER_FRAMEWORKS_DIR)",
					"$(inherited)",
				);
				INFOPLIST_FILE = BingPaperTests/Info.plist;
				LD_RUNPATH_SEARCH_PATHS = "$(inherited) @executable_path/../Frameworks @loader_path/../Frameworks";
				PRODUCT_BUNDLE_IDENTIFIER = "org.prettyx.mac.$(PRODUCT_NAME:rfc1034identifier)";
				PRODUCT_NAME = "$(TARGET_NAME)";
				SWIFT_VERSION = 3.0;
				TEST_HOST = "$(BUILT_PRODUCTS_DIR)/BingPaper.app/Contents/MacOS/BingPaper";
			};
			name = Release;
		};
/* End XCBuildConfiguration section */

/* Begin XCConfigurationList section */
		763C229F1AB2DCC000BACA07 /* Build configuration list for PBXProject "BingPaper" */ = {
			isa = XCConfigurationList;
			buildConfigurations = (
				763C22BE1AB2DCC000BACA07 /* Debug */,
				763C22BF1AB2DCC000BACA07 /* Release */,
			);
			defaultConfigurationIsVisible = 0;
			defaultConfigurationName = Release;
		};
		763C22C01AB2DCC000BACA07 /* Build configuration list for PBXNativeTarget "BingPaper" */ = {
			isa = XCConfigurationList;
			buildConfigurations = (
				763C22C11AB2DCC000BACA07 /* Debug */,
				763C22C21AB2DCC000BACA07 /* Release */,
			);
			defaultConfigurationIsVisible = 0;
			defaultConfigurationName = Release;
		};
		763C22C31AB2DCC000BACA07 /* Build configuration list for PBXNativeTarget "BingPaperTests" */ = {
			isa = XCConfigurationList;
			buildConfigurations = (
				763C22C41AB2DCC000BACA07 /* Debug */,
				763C22C51AB2DCC000BACA07 /* Release */,
			);
			defaultConfigurationIsVisible = 0;
			defaultConfigurationName = Release;
		};
/* End XCConfigurationList section */
	};
	rootObject = 763C229C1AB2DCC000BACA07 /* Project object */;
}
